
Microsoft Visual Studio Solution File, Format Version 12.00
# Visual Studio Version 16
VisualStudioVersion = 16.0.31321.278
MinimumVisualStudioVersion = 10.0.40219.1
Project("{FAE04EC0-301F-11D3-BF4B-00C04F79EFBC}") = "delegats", "delegats\delegats.csproj", "{57DED3ED-CBE8-41C7-9BBF-7429629581C5}"
EndProject
Project("{FAE04EC0-301F-11D3-BF4B-00C04F79EFBC}") = "ClassLibrary1", "ClassLibrary1\ClassLibrary1.csproj", "{4A4A1674-4F60-44F8-B3D0-FF30CC0A82EE}"
EndProject
Global
	GlobalSection(SolutionConfigurationPlatforms) = preSolution
		Debug|Any CPU = Debug|Any CPU
		Release|Any CPU = Release|Any CPU
	EndGlobalSection
	GlobalSection(ProjectConfigurationPlatforms) = postSolution
		{57DED3ED-CBE8-41C7-9BBF-7429629581C5}.Debug|Any CPU.ActiveCfg = Debug|Any CPU
		{57DED3ED-CBE8-41C7-9BBF-7429629581C5}.Debug|Any CPU.Build.0 = Debug|Any CPU
		{57DED3ED-CBE8-41C7-9BBF-7429629581C5}.Release|Any CPU.ActiveCfg = Release|Any CPU
		{57DED3ED-CBE8-41C7-9BBF-7429629581C5}.Release|Any CPU.Build.0 = Release|Any CPU
		{4A4A1674-4F60-44F8-B3D0-FF30CC0A82EE}.Debug|Any CPU.ActiveCfg = Debug|Any CPU
		{4A4A1674-4F60-44F8-B3D0-FF30CC0A82EE}.Debug|Any CPU.Build.0 = Debug|Any CPU
		{4A4A1674-4F60-44F8-B3D0-FF30CC0A82EE}.Release|Any CPU.ActiveCfg = Release|Any CPU
		{4A4A1674-4F60-44F8-B3D0-FF30CC0A82EE}.Release|Any CPU.Build.0 = Release|Any CPU
	EndGlobalSection
	GlobalSection(SolutionProperties) = preSolution
		HideSolutionNode = FALSE
	EndGlobalSection
	GlobalSection(ExtensibilityGlobals) = postSolution
		SolutionGuid = {2569AAAD-72BE-4D62-A233-051C7F6B8DFA}
	EndGlobalSection
EndGlobal
